// !$*UTF8*$!
{
	archiveVersion = 1;
	classes = {
	};
	objectVersion = 77;
	objects = {

/* Begin PBXBuildFile section */
		1FFE10002C77D5CC0288C4E1 /* CollectorProtocol.swift in Sources */ = {isa = PBXBuildFile; fileRef = C3614155D6BDD5308C4FC627 /* CollectorProtocol.swift */; };
		249BC6EC4C1CEFBFAE18A2DD /* ChargeSessionTracker.swift in Sources */ = {isa = PBXBuildFile; fileRef = 628EA56A14D0B58D0DE2BC42 /* ChargeSessionTracker.swift */; };
		2D6D609A64ABFDBAC604B7C8 /* TimelineView.swift in Sources */ = {isa = PBXBuildFile; fileRef = 7E1F34B3B1DBF3828E34491F /* TimelineView.swift */; };
		428905E0450EE32B349DCB18 /* main.swift in Sources */ = {isa = PBXBuildFile; fileRef = DAE793B470A37FAF86569125 /* main.swift */; };
		4F4DC3A7D06E19F8930AD728 /* CollectorProtocol.swift in Sources */ = {isa = PBXBuildFile; fileRef = C3614155D6BDD5308C4FC627 /* CollectorProtocol.swift */; };
		5456D4EC2D9C770FD1F46BC4 /* BatteryCollector.swift in Sources */ = {isa = PBXBuildFile; fileRef = DEB36B37C96E632A83A9E1AE /* BatteryCollector.swift */; };
		59AACC51BA52221773F1450D /* MetricsStorage.swift in Sources */ = {isa = PBXBuildFile; fileRef = 352D679C56AD4DBE9DAE14CA /* MetricsStorage.swift */; };
		5D8714081F90746DF9170CAE /* MenuBarView.swift in Sources */ = {isa = PBXBuildFile; fileRef = EBE89E094B28B0079114C876 /* MenuBarView.swift */; };
		6EFA40F54034A9789D5F45CC /* CollectorProtocol.swift in Sources */ = {isa = PBXBuildFile; fileRef = C3614155D6BDD5308C4FC627 /* CollectorProtocol.swift */; };
		719C1236A421F63B275AA334 /* BatteryCollector.swift in Sources */ = {isa = PBXBuildFile; fileRef = DEB36B37C96E632A83A9E1AE /* BatteryCollector.swift */; };
		80B0710ACF69AD44DE8469CD /* SamplingCoordinator.swift in Sources */ = {isa = PBXBuildFile; fileRef = 97C0DD44424F82ED95C97C62 /* SamplingCoordinator.swift */; };
		8393EF581963B9FB18F6602D /* SamplingCoordinator.swift in Sources */ = {isa = PBXBuildFile; fileRef = 97C0DD44424F82ED95C97C62 /* SamplingCoordinator.swift */; };
		851EC4803A1EDC0C31D6EC80 /* BatteryGuardApp.swift in Sources */ = {isa = PBXBuildFile; fileRef = 09BC3B4F58E0A3349FE6D84A /* BatteryGuardApp.swift */; };
		A016DC436F469B3BF05D6AC4 /* ChargeSessionTrackerTests.swift in Sources */ = {isa = PBXBuildFile; fileRef = B93B878E1CE2A36A570A10F7 /* ChargeSessionTrackerTests.swift */; };
		A4D4E1432F71E56655E76771 /* ChargeSessionTracker.swift in Sources */ = {isa = PBXBuildFile; fileRef = 628EA56A14D0B58D0DE2BC42 /* ChargeSessionTracker.swift */; };
		ADF683C94354D1F2973E5CF9 /* SamplingCoordinator.swift in Sources */ = {isa = PBXBuildFile; fileRef = 97C0DD44424F82ED95C97C62 /* SamplingCoordinator.swift */; };
		BA9E60671A10E1F69FF15055 /* ChargeSessionTracker.swift in Sources */ = {isa = PBXBuildFile; fileRef = 628EA56A14D0B58D0DE2BC42 /* ChargeSessionTracker.swift */; };
		C7A64FB00DF85ABDB892B711 /* MetricsStorage.swift in Sources */ = {isa = PBXBuildFile; fileRef = 352D679C56AD4DBE9DAE14CA /* MetricsStorage.swift */; };
		EE5729D38BEAC3588B37573F /* BatteryCollector.swift in Sources */ = {isa = PBXBuildFile; fileRef = DEB36B37C96E632A83A9E1AE /* BatteryCollector.swift */; };
		FBEA8916D20654AA1A0CBBB7 /* MetricsStorage.swift in Sources */ = {isa = PBXBuildFile; fileRef = 352D679C56AD4DBE9DAE14CA /* MetricsStorage.swift */; };
/* End PBXBuildFile section */

/* Begin PBXFileReference section */
		09BC3B4F58E0A3349FE6D84A /* BatteryGuardApp.swift */ = {isa = PBXFileReference; lastKnownFileType = sourcecode.swift; path = BatteryGuardApp.swift; sourceTree = "<group>"; };
		352D679C56AD4DBE9DAE14CA /* MetricsStorage.swift */ = {isa = PBXFileReference; lastKnownFileType = sourcecode.swift; path = MetricsStorage.swift; sourceTree = "<group>"; };
		5946A51D4AA3D87D5B7562D5 /* BatteryGuardTests */ = {isa = PBXFileReference; includeInIndex = 0; path = BatteryGuardTests; sourceTree = BUILT_PRODUCTS_DIR; };
		628EA56A14D0B58D0DE2BC42 /* ChargeSessionTracker.swift */ = {isa = PBXFileReference; lastKnownFileType = sourcecode.swift; path = ChargeSessionTracker.swift; sourceTree = "<group>"; };
		7E1F34B3B1DBF3828E34491F /* TimelineView.swift */ = {isa = PBXFileReference; lastKnownFileType = sourcecode.swift; path = TimelineView.swift; sourceTree = "<group>"; };
		97C0DD44424F82ED95C97C62 /* SamplingCoordinator.swift */ = {isa = PBXFileReference; lastKnownFileType = sourcecode.swift; path = SamplingCoordinator.swift; sourceTree = "<group>"; };
		AB65BFB4705F4C6E2DDB5DE2 /* BatteryGuardCLI */ = {isa = PBXFileReference; includeInIndex = 0; path = BatteryGuardCLI; sourceTree = BUILT_PRODUCTS_DIR; };
		B93B878E1CE2A36A570A10F7 /* ChargeSessionTrackerTests.swift */ = {isa = PBXFileReference; lastKnownFileType = sourcecode.swift; path = ChargeSessionTrackerTests.swift; sourceTree = "<group>"; };
		C2DE2C9237583B062101A1DC /* BatteryGuard.app */ = {isa = PBXFileReference; explicitFileType = wrapper.application; includeInIndex = 0; path = BatteryGuard.app; sourceTree = BUILT_PRODUCTS_DIR; };
		C3614155D6BDD5308C4FC627 /* CollectorProtocol.swift */ = {isa = PBXFileReference; lastKnownFileType = sourcecode.swift; path = CollectorProtocol.swift; sourceTree = "<group>"; };
		DAE793B470A37FAF86569125 /* main.swift */ = {isa = PBXFileReference; lastKnownFileType = sourcecode.swift; path = main.swift; sourceTree = "<group>"; };
		DEB36B37C96E632A83A9E1AE /* BatteryCollector.swift */ = {isa = PBXFileReference; lastKnownFileType = sourcecode.swift; path = BatteryCollector.swift; sourceTree = "<group>"; };
		EBE89E094B28B0079114C876 /* MenuBarView.swift */ = {isa = PBXFileReference; lastKnownFileType = sourcecode.swift; path = MenuBarView.swift; sourceTree = "<group>"; };
/* End PBXFileReference section */

/* Begin PBXGroup section */
		19D055A2F44DB0960330F38F /* Products */ = {
			isa = PBXGroup;
			children = (
				C2DE2C9237583B062101A1DC /* BatteryGuard.app */,
				AB65BFB4705F4C6E2DDB5DE2 /* BatteryGuardCLI */,
				5946A51D4AA3D87D5B7562D5 /* BatteryGuardTests */,
			);
			name = Products;
			sourceTree = "<group>";
		};
		58F7C1DF2825ABD3B67B7A21 /* UI */ = {
			isa = PBXGroup;
			children = (
				EBE89E094B28B0079114C876 /* MenuBarView.swift */,
				7E1F34B3B1DBF3828E34491F /* TimelineView.swift */,
			);
			name = UI;
			path = Sources/UI;
			sourceTree = "<group>";
		};
		6D011C29EEFD30CBA01B5EE1 /* App */ = {
			isa = PBXGroup;
			children = (
				09BC3B4F58E0A3349FE6D84A /* BatteryGuardApp.swift */,
			);
			name = App;
			path = Sources/App;
			sourceTree = "<group>";
		};
		6DA863F5B4F9AB0C733D7268 /* Tests */ = {
			isa = PBXGroup;
			children = (
				B93B878E1CE2A36A570A10F7 /* ChargeSessionTrackerTests.swift */,
			);
			path = Tests;
			sourceTree = "<group>";
		};
		C2C637E249FB6E26654B3CB8 /* Storage */ = {
			isa = PBXGroup;
			children = (
				352D679C56AD4DBE9DAE14CA /* MetricsStorage.swift */,
			);
			name = Storage;
			path = Sources/Storage;
			sourceTree = "<group>";
		};
		CED8780F71AA4649B7A15BDE /* CLI */ = {
			isa = PBXGroup;
			children = (
				DAE793B470A37FAF86569125 /* main.swift */,
			);
			name = CLI;
			path = Sources/CLI;
			sourceTree = "<group>";
		};
		E095BD680E60A379915150F9 /* Collectors */ = {
			isa = PBXGroup;
			children = (
				DEB36B37C96E632A83A9E1AE /* BatteryCollector.swift */,
				628EA56A14D0B58D0DE2BC42 /* ChargeSessionTracker.swift */,
				C3614155D6BDD5308C4FC627 /* CollectorProtocol.swift */,
				97C0DD44424F82ED95C97C62 /* SamplingCoordinator.swift */,
			);
			name = Collectors;
			path = Sources/Collectors;
			sourceTree = "<group>";
		};
		E38A06776C20A1857C51A6A5 = {
			isa = PBXGroup;
			children = (
				6D011C29EEFD30CBA01B5EE1 /* App */,
				CED8780F71AA4649B7A15BDE /* CLI */,
				E095BD680E60A379915150F9 /* Collectors */,
				C2C637E249FB6E26654B3CB8 /* Storage */,
				6DA863F5B4F9AB0C733D7268 /* Tests */,
				58F7C1DF2825ABD3B67B7A21 /* UI */,
				19D055A2F44DB0960330F38F /* Products */,
			);
			sourceTree = "<group>";
		};
/* End PBXGroup section */

/* Begin PBXNativeTarget section */
		63C3C1E65A95A1B2DDA4BEAE /* BatteryGuard */ = {
			isa = PBXNativeTarget;
			buildConfigurationList = A490CAD2489083969BE10FAF /* Build configuration list for PBXNativeTarget "BatteryGuard" */;
			buildPhases = (
				9C1AD63C1BD5B9063E34CA8D /* Sources */,
				8F1CB47B170C68ADA09F651D /* Clear Extended Attributes */,
			);
			buildRules = (
			);
			dependencies = (
			);
			name = BatteryGuard;
			packageProductDependencies = (
			);
			productName = BatteryGuard;
			productReference = C2DE2C9237583B062101A1DC /* BatteryGuard.app */;
			productType = "com.apple.product-type.application";
		};
		88722D8A1E8107C4C0A0F895 /* BatteryGuardCLI */ = {
			isa = PBXNativeTarget;
			buildConfigurationList = 0C0700CDCC1CBCBD5DE7E25C /* Build configuration list for PBXNativeTarget "BatteryGuardCLI" */;
			buildPhases = (
				8756055C989CB5C1FFAAFBF6 /* Sources */,
			);
			buildRules = (
			);
			dependencies = (
			);
			name = BatteryGuardCLI;
			packageProductDependencies = (
			);
			productName = BatteryGuardCLI;
			productReference = AB65BFB4705F4C6E2DDB5DE2 /* BatteryGuardCLI */;
			productType = "com.apple.product-type.tool";
		};
		A3932AD94D69422DA1C8C56E /* BatteryGuardTests */ = {
			isa = PBXNativeTarget;
			buildConfigurationList = A88FE4F86F41AC61A75076E1 /* Build configuration list for PBXNativeTarget "BatteryGuardTests" */;
			buildPhases = (
				613347946BBB699B82597740 /* Sources */,
			);
			buildRules = (
			);
			dependencies = (
			);
			name = BatteryGuardTests;
			packageProductDependencies = (
			);
			productName = BatteryGuardTests;
			productReference = 5946A51D4AA3D87D5B7562D5 /* BatteryGuardTests */;
			productType = "com.apple.product-type.tool";
		};
/* End PBXNativeTarget section */

/* Begin PBXProject section */
		60955539383B0839CB25888F /* Project object */ = {
			isa = PBXProject;
			attributes = {
				BuildIndependentTargetsInParallel = YES;
				LastUpgradeCheck = 1500;
				TargetAttributes = {
					63C3C1E65A95A1B2DDA4BEAE = {
						DevelopmentTeam = "";
						ProvisioningStyle = Manual;
					};
					88722D8A1E8107C4C0A0F895 = {
						ProvisioningStyle = Manual;
					};
					A3932AD94D69422DA1C8C56E = {
						ProvisioningStyle = Manual;
					};
				};
			};
			buildConfigurationList = 88E41476ABF573AFEB133D0D /* Build configuration list for PBXProject "BatteryGuard" */;
			compatibilityVersion = "Xcode 14.0";
			developmentRegion = en;
			hasScannedForEncodings = 0;
			knownRegions = (
				Base,
				en,
			);
			mainGroup = E38A06776C20A1857C51A6A5;
			minimizedProjectReferenceProxies = 1;
			preferredProjectObjectVersion = 77;
			projectDirPath = "";
			projectRoot = "";
			targets = (
				63C3C1E65A95A1B2DDA4BEAE /* BatteryGuard */,
				88722D8A1E8107C4C0A0F895 /* BatteryGuardCLI */,
				A3932AD94D69422DA1C8C56E /* BatteryGuardTests */,
			);
		};
/* End PBXProject section */

/* Begin PBXShellScriptBuildPhase section */
		8F1CB47B170C68ADA09F651D /* Clear Extended Attributes */ = {
			isa = PBXShellScriptBuildPhase;
			buildActionMask = 2147483647;
			files = (
			);
			inputFileListPaths = (
			);
			inputPaths = (
			);
			name = "Clear Extended Attributes";
			outputFileListPaths = (
			);
			outputPaths = (
			);
			runOnlyForDeploymentPostprocessing = 0;
			shellPath = /bin/sh;
			shellScript = "xattr -cr \"$TARGET_BUILD_DIR/$FULL_PRODUCT_NAME\" || true\n";
		};
/* End PBXShellScriptBuildPhase section */

/* Begin PBXSourcesBuildPhase section */
		613347946BBB699B82597740 /* Sources */ = {
			isa = PBXSourcesBuildPhase;
			buildActionMask = 2147483647;
			files = (
				EE5729D38BEAC3588B37573F /* BatteryCollector.swift in Sources */,
				249BC6EC4C1CEFBFAE18A2DD /* ChargeSessionTracker.swift in Sources */,
				A016DC436F469B3BF05D6AC4 /* ChargeSessionTrackerTests.swift in Sources */,
				1FFE10002C77D5CC0288C4E1 /* CollectorProtocol.swift in Sources */,
				59AACC51BA52221773F1450D /* MetricsStorage.swift in Sources */,
				ADF683C94354D1F2973E5CF9 /* SamplingCoordinator.swift in Sources */,
			);
			runOnlyForDeploymentPostprocessing = 0;
		};
		8756055C989CB5C1FFAAFBF6 /* Sources */ = {
			isa = PBXSourcesBuildPhase;
			buildActionMask = 2147483647;
			files = (
				719C1236A421F63B275AA334 /* BatteryCollector.swift in Sources */,
				BA9E60671A10E1F69FF15055 /* ChargeSessionTracker.swift in Sources */,
				4F4DC3A7D06E19F8930AD728 /* CollectorProtocol.swift in Sources */,
				FBEA8916D20654AA1A0CBBB7 /* MetricsStorage.swift in Sources */,
				80B0710ACF69AD44DE8469CD /* SamplingCoordinator.swift in Sources */,
				428905E0450EE32B349DCB18 /* main.swift in Sources */,
			);
			runOnlyForDeploymentPostprocessing = 0;
		};
		9C1AD63C1BD5B9063E34CA8D /* Sources */ = {
			isa = PBXSourcesBuildPhase;
			buildActionMask = 2147483647;
			files = (
				5456D4EC2D9C770FD1F46BC4 /* BatteryCollector.swift in Sources */,
				851EC4803A1EDC0C31D6EC80 /* BatteryGuardApp.swift in Sources */,
				A4D4E1432F71E56655E76771 /* ChargeSessionTracker.swift in Sources */,
				6EFA40F54034A9789D5F45CC /* CollectorProtocol.swift in Sources */,
				5D8714081F90746DF9170CAE /* MenuBarView.swift in Sources */,
				C7A64FB00DF85ABDB892B711 /* MetricsStorage.swift in Sources */,
				8393EF581963B9FB18F6602D /* SamplingCoordinator.swift in Sources */,
				2D6D609A64ABFDBAC604B7C8 /* TimelineView.swift in Sources */,
			);
			runOnlyForDeploymentPostprocessing = 0;
		};
/* End PBXSourcesBuildPhase section */

/* Begin XCBuildConfiguration section */
		04DBE0D539F62797F66B504E /* Debug */ = {
			isa = XCBuildConfiguration;
			buildSettings = {
				ARCHS = (
					arm64,
					x86_64,
				);
				ASSETCATALOG_COMPILER_APPICON_NAME = AppIcon;
				CODE_SIGN_IDENTITY = "-";
				CODE_SIGN_STYLE = Manual;
				COMBINE_HIDPI_IMAGES = YES;
				DEVELOPMENT_TEAM = "";
				ENABLE_HARDENED_RUNTIME = NO;
				GENERATE_INFOPLIST_FILE = YES;
				INFOPLIST_KEY_CFBundleDisplayName = BatteryGuard;
				INFOPLIST_KEY_LSUIElement = YES;
				LD_RUNPATH_SEARCH_PATHS = (
					"$(inherited)",
					"@executable_path/../Frameworks",
				);
				MACOSX_DEPLOYMENT_TARGET = 13.0;
				ONLY_ACTIVE_ARCH = NO;
				PRODUCT_BUNDLE_IDENTIFIER = com.batteryguard.app;
				PRODUCT_NAME = BatteryGuard;
				SDKROOT = macosx;
			};
			name = Debug;
		};
		0711A35365E072684C6B98F9 /* Release */ = {
			isa = XCBuildConfiguration;
			buildSettings = {
				ARCHS = (
					arm64,
					x86_64,
				);
				ASSETCATALOG_COMPILER_APPICON_NAME = AppIcon;
				CODE_SIGN_IDENTITY = "-";
				CODE_SIGN_STYLE = Manual;
				COMBINE_HIDPI_IMAGES = YES;
				DEVELOPMENT_TEAM = "";
				ENABLE_HARDENED_RUNTIME = NO;
				GENERATE_INFOPLIST_FILE = YES;
				INFOPLIST_KEY_CFBundleDisplayName = BatteryGuard;
				INFOPLIST_KEY_LSUIElement = YES;
				LD_RUNPATH_SEARCH_PATHS = (
					"$(inherited)",
					"@executable_path/../Frameworks",
				);
				MACOSX_DEPLOYMENT_TARGET = 13.0;
				ONLY_ACTIVE_ARCH = NO;
				PRODUCT_BUNDLE_IDENTIFIER = com.batteryguard.app;
				PRODUCT_NAME = BatteryGuard;
				SDKROOT = macosx;
			};
			name = Release;
		};
		6585FAC49328BA5FA0449A81 /* Release */ = {
			isa = XCBuildConfiguration;
			buildSettings = {
				ARCHS = (
					arm64,
					x86_64,
				);
				CODE_SIGN_IDENTITY = "-";
				CODE_SIGN_STYLE = Manual;
				COMBINE_HIDPI_IMAGES = YES;
				LD_RUNPATH_SEARCH_PATHS = (
					"$(inherited)",
					"@executable_path/../Frameworks",
				);
				MACOSX_DEPLOYMENT_TARGET = 13.0;
				ONLY_ACTIVE_ARCH = NO;
				PRODUCT_BUNDLE_IDENTIFIER = com.batteryguard.BatteryGuardTests;
				PRODUCT_NAME = BatteryGuardTests;
				SDKROOT = macosx;
			};
			name = Release;
		};
		77EFC066F82C03D1030D41D1 /* Debug */ = {
			isa = XCBuildConfiguration;
			buildSettings = {
				ALWAYS_SEARCH_USER_PATHS = NO;
				CLANG_ANALYZER_NONNULL = YES;
				CLANG_ANALYZER_NUMBER_OBJECT_CONVERSION = YES_AGGRESSIVE;
				CLANG_CXX_LANGUAGE_STANDARD = "gnu++14";
				CLANG_CXX_LIBRARY = "libc++";
				CLANG_ENABLE_MODULES = YES;
				CLANG_ENABLE_OBJC_ARC = YES;
				CLANG_ENABLE_OBJC_WEAK = YES;
				CLANG_WARN_BLOCK_CAPTURE_AUTORELEASING = YES;
				CLANG_WARN_BOOL_CONVERSION = YES;
				CLANG_WARN_COMMA = YES;
				CLANG_WARN_CONSTANT_CONVERSION = YES;
				CLANG_WARN_DEPRECATED_OBJC_IMPLEMENTATIONS = YES;
				CLANG_WARN_DIRECT_OBJC_ISA_USAGE = YES_ERROR;
				CLANG_WARN_DOCUMENTATION_COMMENTS = YES;
				CLANG_WARN_EMPTY_BODY = YES;
				CLANG_WARN_ENUM_CONVERSION = YES;
				CLANG_WARN_INFINITE_RECURSION = YES;
				CLANG_WARN_INT_CONVERSION = YES;
				CLANG_WARN_NON_LITERAL_NULL_CONVERSION = YES;
				CLANG_WARN_OBJC_IMPLICIT_RETAIN_SELF = YES;
				CLANG_WARN_OBJC_LITERAL_CONVERSION = YES;
				CLANG_WARN_OBJC_ROOT_CLASS = YES_ERROR;
				CLANG_WARN_QUOTED_INCLUDE_IN_FRAMEWORK_HEADER = YES;
				CLANG_WARN_RANGE_LOOP_ANALYSIS = YES;
				CLANG_WARN_STRICT_PROTOTYPES = YES;
				CLANG_WARN_SUSPICIOUS_MOVE = YES;
				CLANG_WARN_UNGUARDED_AVAILABILITY = YES_AGGRESSIVE;
				CLANG_WARN_UNREACHABLE_CODE = YES;
				CLANG_WARN__DUPLICATE_METHOD_MATCH = YES;
				COPY_PHASE_STRIP = NO;
				DEBUG_INFORMATION_FORMAT = dwarf;
				ENABLE_STRICT_OBJC_MSGSEND = YES;
				ENABLE_TESTABILITY = YES;
				GCC_C_LANGUAGE_STANDARD = gnu11;
				GCC_DYNAMIC_NO_PIC = NO;
				GCC_NO_COMMON_BLOCKS = YES;
				GCC_OPTIMIZATION_LEVEL = 0;
				GCC_PREPROCESSOR_DEFINITIONS = (
					"$(inherited)",
					"DEBUG=1",
				);
				GCC_WARN_64_TO_32_BIT_CONVERSION = YES;
				GCC_WARN_ABOUT_RETURN_TYPE = YES_ERROR;
				GCC_WARN_UNDECLARED_SELECTOR = YES;
				GCC_WARN_UNINITIALIZED_AUTOS = YES_AGGRESSIVE;
				GCC_WARN_UNUSED_FUNCTION = YES;
				GCC_WARN_UNUSED_VARIABLE = YES;
				MACOSX_DEPLOYMENT_TARGET = 13.0;
				MTL_ENABLE_DEBUG_INFO = INCLUDE_SOURCE;
				MTL_FAST_MATH = YES;
				ONLY_ACTIVE_ARCH = YES;
				PRODUCT_NAME = "$(TARGET_NAME)";
				SDKROOT = macosx;
				SWIFT_ACTIVE_COMPILATION_CONDITIONS = DEBUG;
				SWIFT_OPTIMIZATION_LEVEL = "-Onone";
				SWIFT_VERSION = 5.9;
			};
			name = Debug;
		};
		801B4E612174BE5DF3F5BDC5 /* Release */ = {
			isa = XCBuildConfiguration;
			buildSettings = {
				ARCHS = (
					arm64,
					x86_64,
				);
				CODE_SIGN_IDENTITY = "-";
				CODE_SIGN_STYLE = Manual;
				COMBINE_HIDPI_IMAGES = YES;
				LD_RUNPATH_SEARCH_PATHS = (
					"$(inherited)",
					"@executable_path/../Frameworks",
				);
				MACOSX_DEPLOYMENT_TARGET = 13.0;
				ONLY_ACTIVE_ARCH = NO;
				PRODUCT_BUNDLE_IDENTIFIER = com.batteryguard.BatteryGuardCLI;
				PRODUCT_NAME = BatteryGuardCLI;
				SDKROOT = macosx;
			};
			name = Release;
		};
		A57CD7A5EFC05DA714F94016 /* Debug */ = {
			isa = XCBuildConfiguration;
			buildSettings = {
				ARCHS = (
					arm64,
					x86_64,
				);
				CODE_SIGN_IDENTITY = "-";
				CODE_SIGN_STYLE = Manual;
				COMBINE_HIDPI_IMAGES = YES;
				LD_RUNPATH_SEARCH_PATHS = (
					"$(inherited)",
					"@executable_path/../Frameworks",
				);
				MACOSX_DEPLOYMENT_TARGET = 13.0;
				ONLY_ACTIVE_ARCH = NO;
				PRODUCT_BUNDLE_IDENTIFIER = com.batteryguard.BatteryGuardCLI;
				PRODUCT_NAME = BatteryGuardCLI;
				SDKROOT = macosx;
			};
			name = Debug;
		};
		C04018359AA0CAA09DD3BEE9 /* Debug */ = {
			isa = XCBuildConfiguration;
			buildSettings = {
				ARCHS = (
					arm64,
					x86_64,
				);
				CODE_SIGN_IDENTITY = "-";
				CODE_SIGN_STYLE = Manual;
				COMBINE_HIDPI_IMAGES = YES;
				LD_RUNPATH_SEARCH_PATHS = (
					"$(inherited)",
					"@executable_path/../Frameworks",
				);
				MACOSX_DEPLOYMENT_TARGET = 13.0;
				ONLY_ACTIVE_ARCH = NO;
				PRODUCT_BUNDLE_IDENTIFIER = com.batteryguard.BatteryGuardTests;
				PRODUCT_NAME = BatteryGuardTests;
				SDKROOT = macosx;
			};
			name = Debug;
		};
		FE3F338C199D29025B034555 /* Release */ = {
			isa = XCBuildConfiguration;
			buildSettings = {
				ALWAYS_SEARCH_USER_PATHS = NO;
				CLANG_ANALYZER_NONNULL = YES;
				CLANG_ANALYZER_NUMBER_OBJECT_CONVERSION = YES_AGGRESSIVE;
				CLANG_CXX_LANGUAGE_STANDARD = "gnu++14";
				CLANG_CXX_LIBRARY = "libc++";
				CLANG_ENABLE_MODULES = YES;
				CLANG_ENABLE_OBJC_ARC = YES;
				CLANG_ENABLE_OBJC_WEAK = YES;
				CLANG_WARN_BLOCK_CAPTURE_AUTORELEASING = YES;
				CLANG_WARN_BOOL_CONVERSION = YES;
				CLANG_WARN_COMMA = YES;
				CLANG_WARN_CONSTANT_CONVERSION = YES;
				CLANG_WARN_DEPRECATED_OBJC_IMPLEMENTATIONS = YES;
				CLANG_WARN_DIRECT_OBJC_ISA_USAGE = YES_ERROR;
				CLANG_WARN_DOCUMENTATION_COMMENTS = YES;
				CLANG_WARN_EMPTY_BODY = YES;
				CLANG_WARN_ENUM_CONVERSION = YES;
				CLANG_WARN_INFINITE_RECURSION = YES;
				CLANG_WARN_INT_CONVERSION = YES;
				CLANG_WARN_NON_LITERAL_NULL_CONVERSION = YES;
				CLANG_WARN_OBJC_IMPLICIT_RETAIN_SELF = YES;
				CLANG_WARN_OBJC_LITERAL_CONVERSION = YES;
				CLANG_WARN_OBJC_ROOT_CLASS = YES_ERROR;
				CLANG_WARN_QUOTED_INCLUDE_IN_FRAMEWORK_HEADER = YES;
				CLANG_WARN_RANGE_LOOP_ANALYSIS = YES;
				CLANG_WARN_STRICT_PROTOTYPES = YES;
				CLANG_WARN_SUSPICIOUS_MOVE = YES;
				CLANG_WARN_UNGUARDED_AVAILABILITY = YES_AGGRESSIVE;
				CLANG_WARN_UNREACHABLE_CODE = YES;
				CLANG_WARN__DUPLICATE_METHOD_MATCH = YES;
				COPY_PHASE_STRIP = NO;
				DEBUG_INFORMATION_FORMAT = "dwarf-with-dsym";
				ENABLE_NS_ASSERTIONS = NO;
				ENABLE_STRICT_OBJC_MSGSEND = YES;
				GCC_C_LANGUAGE_STANDARD = gnu11;
				GCC_NO_COMMON_BLOCKS = YES;
				GCC_WARN_64_TO_32_BIT_CONVERSION = YES;
				GCC_WARN_ABOUT_RETURN_TYPE = YES_ERROR;
				GCC_WARN_UNDECLARED_SELECTOR = YES;
				GCC_WARN_UNINITIALIZED_AUTOS = YES_AGGRESSIVE;
				GCC_WARN_UNUSED_FUNCTION = YES;
				GCC_WARN_UNUSED_VARIABLE = YES;
				MACOSX_DEPLOYMENT_TARGET = 13.0;
				MTL_ENABLE_DEBUG_INFO = NO;
				MTL_FAST_MATH = YES;
				PRODUCT_NAME = "$(TARGET_NAME)";
				SDKROOT = macosx;
				SWIFT_COMPILATION_MODE = wholemodule;
				SWIFT_OPTIMIZATION_LEVEL = "-O";
				SWIFT_VERSION = 5.9;
			};
			name = Release;
		};
/* End XCBuildConfiguration section */

/* Begin XCConfigurationList section */
		0C0700CDCC1CBCBD5DE7E25C /* Build configuration list for PBXNativeTarget "BatteryGuardCLI" */ = {
			isa = XCConfigurationList;
			buildConfigurations = (
				A57CD7A5EFC05DA714F94016 /* Debug */,
				801B4E612174BE5DF3F5BDC5 /* Release */,
			);
			defaultConfigurationIsVisible = 0;
			defaultConfigurationName = Debug;
		};
		88E41476ABF573AFEB133D0D /* Build configuration list for PBXProject "BatteryGuard" */ = {
			isa = XCConfigurationList;
			buildConfigurations = (
				77EFC066F82C03D1030D41D1 /* Debug */,
				FE3F338C199D29025B034555 /* Release */,
			);
			defaultConfigurationIsVisible = 0;
			defaultConfigurationName = Debug;
		};
		A490CAD2489083969BE10FAF /* Build configuration list for PBXNativeTarget "BatteryGuard" */ = {
			isa = XCConfigurationList;
			buildConfigurations = (
				04DBE0D539F62797F66B504E /* Debug */,
				0711A35365E072684C6B98F9 /* Release */,
			);
			defaultConfigurationIsVisible = 0;
			defaultConfigurationName = Debug;
		};
		A88FE4F86F41AC61A75076E1 /* Build configuration list for PBXNativeTarget "BatteryGuardTests" */ = {
			isa = XCConfigurationList;
			buildConfigurations = (
				C04018359AA0CAA09DD3BEE9 /* Debug */,
				6585FAC49328BA5FA0449A81 /* Release */,
			);
			defaultConfigurationIsVisible = 0;
			defaultConfigurationName = Debug;
		};
/* End XCConfigurationList section */
	};
	rootObject = 60955539383B0839CB25888F /* Project object */;
}
